
Microsoft Visual Studio Solution File, Format Version 12.00
# Visual Studio 2010
Project("{8BC9CEB8-8B4A-11D0-8D11-00A0C91BC942}") = "Engine", "Engine\Engine.vcxproj", "{133C2B50-51E7-403C-85CE-D8FAF48E2747}"
	ProjectSection(ProjectDependencies) = postProject
		{23338A58-9FFF-4282-BE80-6ADE06A9F648} = {23338A58-9FFF-4282-BE80-6ADE06A9F648}
	EndProjectSection
EndProject
Project("{8BC9CEB8-8B4A-11D0-8D11-00A0C91BC942}") = "Core", "Core\Core.vcxproj", "{23338A58-9FFF-4282-BE80-6ADE06A9F648}"
EndProject
Project("{8BC9CEB8-8B4A-11D0-8D11-00A0C91BC942}") = "WinImp", "WinImp\WinImp.vcxproj", "{85A7C5A3-FFFE-4052-BBFC-5755715407B7}"
	ProjectSection(ProjectDependencies) = postProject
		{133C2B50-51E7-403C-85CE-D8FAF48E2747} = {133C2B50-51E7-403C-85CE-D8FAF48E2747}
		{23338A58-9FFF-4282-BE80-6ADE06A9F648} = {23338A58-9FFF-4282-BE80-6ADE06A9F648}
	EndProjectSection
EndProject
Project("{8BC9CEB8-8B4A-11D0-8D11-00A0C91BC942}") = "DX9Interface", "DX9Interface\DX9Interface.vcxproj", "{35339D88-B01E-4755-88DD-6976767E117E}"
	ProjectSection(ProjectDependencies) = postProject
		{133C2B50-51E7-403C-85CE-D8FAF48E2747} = {133C2B50-51E7-403C-85CE-D8FAF48E2747}
		{23338A58-9FFF-4282-BE80-6ADE06A9F648} = {23338A58-9FFF-4282-BE80-6ADE06A9F648}
	EndProjectSection
EndProject
Project("{8BC9CEB8-8B4A-11D0-8D11-00A0C91BC942}") = "Launch", "Launch\Launch.vcxproj", "{3432A27F-EA40-4623-8018-70AF5C371258}"
	ProjectSection(ProjectDependencies) = postProject
		{133C2B50-51E7-403C-85CE-D8FAF48E2747} = {133C2B50-51E7-403C-85CE-D8FAF48E2747}
		{23338A58-9FFF-4282-BE80-6ADE06A9F648} = {23338A58-9FFF-4282-BE80-6ADE06A9F648}
		{35339D88-B01E-4755-88DD-6976767E117E} = {35339D88-B01E-4755-88DD-6976767E117E}
		{85A7C5A3-FFFE-4052-BBFC-5755715407B7} = {85A7C5A3-FFFE-4052-BBFC-5755715407B7}
	EndProjectSection
EndProject
Project("{8BC9CEB8-8B4A-11D0-8D11-00A0C91BC942}") = "VillageGame", "VillageGame\VillageGame.vcxproj", "{DA098EDB-E3D1-4DEC-9CB6-8DDACE288C85}"
	ProjectSection(ProjectDependencies) = postProject
		{3432A27F-EA40-4623-8018-70AF5C371258} = {3432A27F-EA40-4623-8018-70AF5C371258}
	EndProjectSection
EndProject
Project("{8BC9CEB8-8B4A-11D0-8D11-00A0C91BC942}") = "SnowGame", "SnowGame\SnowGame.vcxproj", "{2857254F-1741-4741-B7CD-845C3B23735A}"
	ProjectSection(ProjectDependencies) = postProject
		{3432A27F-EA40-4623-8018-70AF5C371258} = {3432A27F-EA40-4623-8018-70AF5C371258}
	EndProjectSection
EndProject
Project("{8BC9CEB8-8B4A-11D0-8D11-00A0C91BC942}") = "fry_script", "fry_script\fry_script.vcxproj", "{7CDBFE86-A92E-4BB3-AA04-C3DC4D70EC45}"
	ProjectSection(ProjectDependencies) = postProject
		{23338A58-9FFF-4282-BE80-6ADE06A9F648} = {23338A58-9FFF-4282-BE80-6ADE06A9F648}
	EndProjectSection
EndProject
Project("{8BC9CEB8-8B4A-11D0-8D11-00A0C91BC942}") = "fry_script_test", "fry_script_test\fry_script_test.vcxproj", "{97E8EAAA-7115-406C-9F98-DD88CAB931F2}"
	ProjectSection(ProjectDependencies) = postProject
		{7CDBFE86-A92E-4BB3-AA04-C3DC4D70EC45} = {7CDBFE86-A92E-4BB3-AA04-C3DC4D70EC45}
	EndProjectSection
EndProject
Global
	GlobalSection(SubversionScc) = preSolution
		Svn-Managed = True
		Manager = AnkhSVN - Subversion Support for Visual Studio
	EndGlobalSection
	GlobalSection(SolutionConfigurationPlatforms) = preSolution
		Debug|Win32 = Debug|Win32
		Release|Win32 = Release|Win32
		Shipping|Win32 = Shipping|Win32
	EndGlobalSection
	GlobalSection(ProjectConfigurationPlatforms) = postSolution
		{133C2B50-51E7-403C-85CE-D8FAF48E2747}.Debug|Win32.ActiveCfg = Debug|Win32
		{133C2B50-51E7-403C-85CE-D8FAF48E2747}.Debug|Win32.Build.0 = Debug|Win32
		{133C2B50-51E7-403C-85CE-D8FAF48E2747}.Release|Win32.ActiveCfg = Release|Win32
		{133C2B50-51E7-403C-85CE-D8FAF48E2747}.Release|Win32.Build.0 = Release|Win32
		{133C2B50-51E7-403C-85CE-D8FAF48E2747}.Shipping|Win32.ActiveCfg = Shipping|Win32
		{133C2B50-51E7-403C-85CE-D8FAF48E2747}.Shipping|Win32.Build.0 = Shipping|Win32
		{23338A58-9FFF-4282-BE80-6ADE06A9F648}.Debug|Win32.ActiveCfg = Debug|Win32
		{23338A58-9FFF-4282-BE80-6ADE06A9F648}.Debug|Win32.Build.0 = Debug|Win32
		{23338A58-9FFF-4282-BE80-6ADE06A9F648}.Release|Win32.ActiveCfg = Release|Win32
		{23338A58-9FFF-4282-BE80-6ADE06A9F648}.Release|Win32.Build.0 = Release|Win32
		{23338A58-9FFF-4282-BE80-6ADE06A9F648}.Shipping|Win32.ActiveCfg = Shipping|Win32
		{23338A58-9FFF-4282-BE80-6ADE06A9F648}.Shipping|Win32.Build.0 = Shipping|Win32
		{85A7C5A3-FFFE-4052-BBFC-5755715407B7}.Debug|Win32.ActiveCfg = Debug|Win32
		{85A7C5A3-FFFE-4052-BBFC-5755715407B7}.Debug|Win32.Build.0 = Debug|Win32
		{85A7C5A3-FFFE-4052-BBFC-5755715407B7}.Release|Win32.ActiveCfg = Release|Win32
		{85A7C5A3-FFFE-4052-BBFC-5755715407B7}.Release|Win32.Build.0 = Release|Win32
		{85A7C5A3-FFFE-4052-BBFC-5755715407B7}.Shipping|Win32.ActiveCfg = Shipping|Win32
		{85A7C5A3-FFFE-4052-BBFC-5755715407B7}.Shipping|Win32.Build.0 = Shipping|Win32
		{35339D88-B01E-4755-88DD-6976767E117E}.Debug|Win32.ActiveCfg = Debug|Win32
		{35339D88-B01E-4755-88DD-6976767E117E}.Debug|Win32.Build.0 = Debug|Win32
		{35339D88-B01E-4755-88DD-6976767E117E}.Release|Win32.ActiveCfg = Release|Win32
		{35339D88-B01E-4755-88DD-6976767E117E}.Release|Win32.Build.0 = Release|Win32
		{35339D88-B01E-4755-88DD-6976767E117E}.Shipping|Win32.ActiveCfg = Shipping|Win32
		{35339D88-B01E-4755-88DD-6976767E117E}.Shipping|Win32.Build.0 = Shipping|Win32
		{3432A27F-EA40-4623-8018-70AF5C371258}.Debug|Win32.ActiveCfg = Debug|Win32
		{3432A27F-EA40-4623-8018-70AF5C371258}.Debug|Win32.Build.0 = Debug|Win32
		{3432A27F-EA40-4623-8018-70AF5C371258}.Release|Win32.ActiveCfg = Release|Win32
		{3432A27F-EA40-4623-8018-70AF5C371258}.Release|Win32.Build.0 = Release|Win32
		{3432A27F-EA40-4623-8018-70AF5C371258}.Shipping|Win32.ActiveCfg = Shipping|Win32
		{3432A27F-EA40-4623-8018-70AF5C371258}.Shipping|Win32.Build.0 = Shipping|Win32
		{DA098EDB-E3D1-4DEC-9CB6-8DDACE288C85}.Debug|Win32.ActiveCfg = Debug|Win32
		{DA098EDB-E3D1-4DEC-9CB6-8DDACE288C85}.Debug|Win32.Build.0 = Debug|Win32
		{DA098EDB-E3D1-4DEC-9CB6-8DDACE288C85}.Release|Win32.ActiveCfg = Release|Win32
		{DA098EDB-E3D1-4DEC-9CB6-8DDACE288C85}.Release|Win32.Build.0 = Release|Win32
		{DA098EDB-E3D1-4DEC-9CB6-8DDACE288C85}.Shipping|Win32.ActiveCfg = Shipping|Win32
		{DA098EDB-E3D1-4DEC-9CB6-8DDACE288C85}.Shipping|Win32.Build.0 = Shipping|Win32
		{2857254F-1741-4741-B7CD-845C3B23735A}.Debug|Win32.ActiveCfg = Debug|Win32
		{2857254F-1741-4741-B7CD-845C3B23735A}.Debug|Win32.Build.0 = Debug|Win32
		{2857254F-1741-4741-B7CD-845C3B23735A}.Release|Win32.ActiveCfg = Release|Win32
		{2857254F-1741-4741-B7CD-845C3B23735A}.Release|Win32.Build.0 = Release|Win32
		{2857254F-1741-4741-B7CD-845C3B23735A}.Shipping|Win32.ActiveCfg = Shipping|Win32
		{2857254F-1741-4741-B7CD-845C3B23735A}.Shipping|Win32.Build.0 = Shipping|Win32
		{7CDBFE86-A92E-4BB3-AA04-C3DC4D70EC45}.Debug|Win32.ActiveCfg = Debug|Win32
		{7CDBFE86-A92E-4BB3-AA04-C3DC4D70EC45}.Debug|Win32.Build.0 = Debug|Win32
		{7CDBFE86-A92E-4BB3-AA04-C3DC4D70EC45}.Release|Win32.ActiveCfg = Release|Win32
		{7CDBFE86-A92E-4BB3-AA04-C3DC4D70EC45}.Release|Win32.Build.0 = Release|Win32
		{7CDBFE86-A92E-4BB3-AA04-C3DC4D70EC45}.Shipping|Win32.ActiveCfg = Release|Win32
		{7CDBFE86-A92E-4BB3-AA04-C3DC4D70EC45}.Shipping|Win32.Build.0 = Release|Win32
		{97E8EAAA-7115-406C-9F98-DD88CAB931F2}.Debug|Win32.ActiveCfg = Debug|Win32
		{97E8EAAA-7115-406C-9F98-DD88CAB931F2}.Debug|Win32.Build.0 = Debug|Win32
		{97E8EAAA-7115-406C-9F98-DD88CAB931F2}.Release|Win32.ActiveCfg = Release|Win32
		{97E8EAAA-7115-406C-9F98-DD88CAB931F2}.Release|Win32.Build.0 = Release|Win32
		{97E8EAAA-7115-406C-9F98-DD88CAB931F2}.Shipping|Win32.ActiveCfg = Release|Win32
		{97E8EAAA-7115-406C-9F98-DD88CAB931F2}.Shipping|Win32.Build.0 = Release|Win32
	EndGlobalSection
	GlobalSection(SolutionProperties) = preSolution
		HideSolutionNode = FALSE
	EndGlobalSection
EndGlobal
